
Microsoft Visual Studio Solution File, Format Version 12.00
# Visual Studio Version 16
VisualStudioVersion = 16.0.31624.102
MinimumVisualStudioVersion = 10.0.40219.1
Project("{2150E333-8FDC-42A3-9474-1A3956D46DE8}") = "Application", "Application", "{1255E835-F49A-4BA7-9BB6-9655449904A9}"
EndProject
Project("{2150E333-8FDC-42A3-9474-1A3956D46DE8}") = "Domain", "Domain", "{2313E3EB-586B-46BC-9F20-81FDF3ECD40A}"
EndProject
Project("{2150E333-8FDC-42A3-9474-1A3956D46DE8}") = "Infra.IoC", "Infra.IoC", "{65E2FFEA-9E44-4809-A1ED-6421F0C2BD44}"
EndProject
Project("{2150E333-8FDC-42A3-9474-1A3956D46DE8}") = "Infra.Data", "Infra.Data", "{84CB6AC1-798F-4F7A-9429-F28E560C7311}"
EndProject
Project("{2150E333-8FDC-42A3-9474-1A3956D46DE8}") = "Presentation", "Presentation", "{09C4F57C-A1BA-44B0-816D-0261F73AAA6A}"
EndProject
Project("{9A19103F-16F7-4668-BE54-9A1E7A4F7556}") = "CleanArch.Mvc", "CleanArch.Mvc\CleanArch.Mvc.csproj", "{4D07D03F-4ED4-49EB-9581-252458598496}"
EndProject
Project("{9A19103F-16F7-4668-BE54-9A1E7A4F7556}") = "CleanArch.Domain", "CleanArch.Domain\CleanArch.Domain.csproj", "{8227CF34-6839-442B-B92B-E4A35C541F7F}"
EndProject
Project("{FAE04EC0-301F-11D3-BF4B-00C04F79EFBC}") = "CleanArch.Infra.Data", "CleanArch.Infra.Data\CleanArch.Infra.Data.csproj", "{2D7B2079-1D31-48D7-8ED5-3C349A26BD8A}"
EndProject
Project("{FAE04EC0-301F-11D3-BF4B-00C04F79EFBC}") = "CleanArch.Application", "CleanArch.Application\CleanArch.Application.csproj", "{84AF3278-0698-48D3-9636-67D908485A27}"
EndProject
Project("{FAE04EC0-301F-11D3-BF4B-00C04F79EFBC}") = "CleanArch.Infra.IoC", "CleanArch.Infra.IoC\CleanArch.Infra.IoC.csproj", "{3764E0FE-432E-48BE-B830-2968638783EF}"
EndProject
Project("{2150E333-8FDC-42A3-9474-1A3956D46DE8}") = "Infra.Bus", "Infra.Bus", "{2FF55B43-5340-4E8A-B87F-0C95953E10C7}"
EndProject
Project("{2150E333-8FDC-42A3-9474-1A3956D46DE8}") = "Api", "Api", "{A3677408-7EBB-4BD1-8AA3-069B2A6BDFD3}"
EndProject
Project("{FAE04EC0-301F-11D3-BF4B-00C04F79EFBC}") = "CleanArch.Infra.Bus", "CleanArch.Infra.Bus\CleanArch.Infra.Bus.csproj", "{5C4008A6-08CB-432C-926B-E099D0A209F8}"
EndProject
Project("{FAE04EC0-301F-11D3-BF4B-00C04F79EFBC}") = "CleanArch.Domain.Core", "CleanArch.Domain.Core\CleanArch.Domain.Core.csproj", "{01019CBD-CFD7-45F8-B2FD-EE47E66A9A96}"
EndProject
Global
	GlobalSection(SolutionConfigurationPlatforms) = preSolution
		Debug|Any CPU = Debug|Any CPU
		Release|Any CPU = Release|Any CPU
	EndGlobalSection
	GlobalSection(ProjectConfigurationPlatforms) = postSolution
		{4D07D03F-4ED4-49EB-9581-252458598496}.Debug|Any CPU.ActiveCfg = Debug|Any CPU
		{4D07D03F-4ED4-49EB-9581-252458598496}.Debug|Any CPU.Build.0 = Debug|Any CPU
		{4D07D03F-4ED4-49EB-9581-252458598496}.Release|Any CPU.ActiveCfg = Release|Any CPU
		{4D07D03F-4ED4-49EB-9581-252458598496}.Release|Any CPU.Build.0 = Release|Any CPU
		{8227CF34-6839-442B-B92B-E4A35C541F7F}.Debug|Any CPU.ActiveCfg = Debug|Any CPU
		{8227CF34-6839-442B-B92B-E4A35C541F7F}.Debug|Any CPU.Build.0 = Debug|Any CPU
		{8227CF34-6839-442B-B92B-E4A35C541F7F}.Release|Any CPU.ActiveCfg = Release|Any CPU
		{8227CF34-6839-442B-B92B-E4A35C541F7F}.Release|Any CPU.Build.0 = Release|Any CPU
		{2D7B2079-1D31-48D7-8ED5-3C349A26BD8A}.Debug|Any CPU.ActiveCfg = Debug|Any CPU
		{2D7B2079-1D31-48D7-8ED5-3C349A26BD8A}.Debug|Any CPU.Build.0 = Debug|Any CPU
		{2D7B2079-1D31-48D7-8ED5-3C349A26BD8A}.Release|Any CPU.ActiveCfg = Release|Any CPU
		{2D7B2079-1D31-48D7-8ED5-3C349A26BD8A}.Release|Any CPU.Build.0 = Release|Any CPU
		{84AF3278-0698-48D3-9636-67D908485A27}.Debug|Any CPU.ActiveCfg = Debug|Any CPU
		{84AF3278-0698-48D3-9636-67D908485A27}.Debug|Any CPU.Build.0 = Debug|Any CPU
		{84AF3278-0698-48D3-9636-67D908485A27}.Release|Any CPU.ActiveCfg = Release|Any CPU
		{84AF3278-0698-48D3-9636-67D908485A27}.Release|Any CPU.Build.0 = Release|Any CPU
		{3764E0FE-432E-48BE-B830-2968638783EF}.Debug|Any CPU.ActiveCfg = Debug|Any CPU
		{3764E0FE-432E-48BE-B830-2968638783EF}.Debug|Any CPU.Build.0 = Debug|Any CPU
		{3764E0FE-432E-48BE-B830-2968638783EF}.Release|Any CPU.ActiveCfg = Release|Any CPU
		{3764E0FE-432E-48BE-B830-2968638783EF}.Release|Any CPU.Build.0 = Release|Any CPU
		{5C4008A6-08CB-432C-926B-E099D0A209F8}.Debug|Any CPU.ActiveCfg = Debug|Any CPU
		{5C4008A6-08CB-432C-926B-E099D0A209F8}.Debug|Any CPU.Build.0 = Debug|Any CPU
		{5C4008A6-08CB-432C-926B-E099D0A209F8}.Release|Any CPU.ActiveCfg = Release|Any CPU
		{5C4008A6-08CB-432C-926B-E099D0A209F8}.Release|Any CPU.Build.0 = Release|Any CPU
		{01019CBD-CFD7-45F8-B2FD-EE47E66A9A96}.Debug|Any CPU.ActiveCfg = Debug|Any CPU
		{01019CBD-CFD7-45F8-B2FD-EE47E66A9A96}.Debug|Any CPU.Build.0 = Debug|Any CPU
		{01019CBD-CFD7-45F8-B2FD-EE47E66A9A96}.Release|Any CPU.ActiveCfg = Release|Any CPU
		{01019CBD-CFD7-45F8-B2FD-EE47E66A9A96}.Release|Any CPU.Build.0 = Release|Any CPU
	EndGlobalSection
	GlobalSection(SolutionProperties) = preSolution
		HideSolutionNode = FALSE
	EndGlobalSection
	GlobalSection(NestedProjects) = preSolution
		{4D07D03F-4ED4-49EB-9581-252458598496} = {09C4F57C-A1BA-44B0-816D-0261F73AAA6A}
		{8227CF34-6839-442B-B92B-E4A35C541F7F} = {2313E3EB-586B-46BC-9F20-81FDF3ECD40A}
		{2D7B2079-1D31-48D7-8ED5-3C349A26BD8A} = {84CB6AC1-798F-4F7A-9429-F28E560C7311}
		{84AF3278-0698-48D3-9636-67D908485A27} = {1255E835-F49A-4BA7-9BB6-9655449904A9}
		{3764E0FE-432E-48BE-B830-2968638783EF} = {65E2FFEA-9E44-4809-A1ED-6421F0C2BD44}
		{5C4008A6-08CB-432C-926B-E099D0A209F8} = {2FF55B43-5340-4E8A-B87F-0C95953E10C7}
		{01019CBD-CFD7-45F8-B2FD-EE47E66A9A96} = {2313E3EB-586B-46BC-9F20-81FDF3ECD40A}
	EndGlobalSection
	GlobalSection(ExtensibilityGlobals) = postSolution
		SolutionGuid = {2CD54B64-FFD9-41D3-80B0-9845B3F4E6A5}
	EndGlobalSection
EndGlobal
